
Microsoft Visual Studio Solution File, Format Version 12.00
# Visual Studio 15
VisualStudioVersion = 15.0.26228.4
MinimumVisualStudioVersion = 10.0.40219.1
Project("{2150E333-8FDC-42A3-9474-1A3956D46DE8}") = "src", "src", "{4B52F390-2A5B-4637-A8D3-CA6A2F8EA42B}"
EndProject
Project("{2150E333-8FDC-42A3-9474-1A3956D46DE8}") = "Solution Items", "Solution Items", "{396241BC-40B1-4950-A655-5E05F6977265}"
EndProject
Project("{2150E333-8FDC-42A3-9474-1A3956D46DE8}") = "test", "test", "{D15B2D71-89D3-4282-ABA5-8D64D6EA3FD4}"
EndProject
Project("{9A19103F-16F7-4668-BE54-9A1E7A4F7556}") = "BitTorrent", "src\BitTorrent\BitTorrent.csproj", "{858967C6-4265-4129-B942-060E3CC80D06}"
EndProject
Project("{9A19103F-16F7-4668-BE54-9A1E7A4F7556}") = "BitTorrent.Dht", "src\BitTorrent.Dht\BitTorrent.Dht.csproj", "{9615EE46-C8CB-452C-8043-7F5B249108B0}"
EndProject
Project("{FAE04EC0-301F-11D3-BF4B-00C04F79EFBC}") = "BitTorrent.Tests", "test\BitTorrent.Tests\BitTorrent.Tests.csproj", "{526928D8-DBC8-4717-BCF0-A4FEDA80A0BD}"
EndProject
Project("{9A19103F-16F7-4668-BE54-9A1E7A4F7556}") = "SampleClient", "src\SampleClient\SampleClient.csproj", "{D118A2E3-4B24-4C73-AF38-5C7A4CD90FF3}"
EndProject
Project("{9A19103F-16F7-4668-BE54-9A1E7A4F7556}") = "System.Net.BitTorrent.Tests", "test\System.Net.BitTorrent.Tests\System.Net.BitTorrent.Tests.csproj", "{6B302ADC-B745-4C9F-9191-9DAF942D1AD9}"
EndProject
Project("{FAE04EC0-301F-11D3-BF4B-00C04F79EFBC}") = "DhtSampleClient", "src\DhtSampleClient\DhtSampleClient.csproj", "{19777ED5-79FD-4D05-B839-B178A875BF42}"
EndProject
Project("{FAE04EC0-301F-11D3-BF4B-00C04F79EFBC}") = "Samples", "src\Samples\Samples.csproj", "{DF2E183B-C51C-4969-94EC-841CCC461773}"
EndProject
Project("{FAE04EC0-301F-11D3-BF4B-00C04F79EFBC}") = "TrackerApp", "src\TrackerApp\TrackerApp.csproj", "{7A647552-B5F0-419F-9395-4DC24990ED20}"
EndProject
Global
	GlobalSection(SolutionConfigurationPlatforms) = preSolution
		Debug|Any CPU = Debug|Any CPU
		Release|Any CPU = Release|Any CPU
		Stats|Any CPU = Stats|Any CPU
	EndGlobalSection
	GlobalSection(ProjectConfigurationPlatforms) = postSolution
		{858967C6-4265-4129-B942-060E3CC80D06}.Debug|Any CPU.ActiveCfg = Debug|Any CPU
		{858967C6-4265-4129-B942-060E3CC80D06}.Debug|Any CPU.Build.0 = Debug|Any CPU
		{858967C6-4265-4129-B942-060E3CC80D06}.Release|Any CPU.ActiveCfg = Release|Any CPU
		{858967C6-4265-4129-B942-060E3CC80D06}.Release|Any CPU.Build.0 = Release|Any CPU
		{858967C6-4265-4129-B942-060E3CC80D06}.Stats|Any CPU.ActiveCfg = Release|Any CPU
		{858967C6-4265-4129-B942-060E3CC80D06}.Stats|Any CPU.Build.0 = Release|Any CPU
		{9615EE46-C8CB-452C-8043-7F5B249108B0}.Debug|Any CPU.ActiveCfg = Debug|Any CPU
		{9615EE46-C8CB-452C-8043-7F5B249108B0}.Debug|Any CPU.Build.0 = Debug|Any CPU
		{9615EE46-C8CB-452C-8043-7F5B249108B0}.Release|Any CPU.ActiveCfg = Release|Any CPU
		{9615EE46-C8CB-452C-8043-7F5B249108B0}.Release|Any CPU.Build.0 = Release|Any CPU
		{9615EE46-C8CB-452C-8043-7F5B249108B0}.Stats|Any CPU.ActiveCfg = Release|Any CPU
		{9615EE46-C8CB-452C-8043-7F5B249108B0}.Stats|Any CPU.Build.0 = Release|Any CPU
		{526928D8-DBC8-4717-BCF0-A4FEDA80A0BD}.Debug|Any CPU.ActiveCfg = Debug|Any CPU
		{526928D8-DBC8-4717-BCF0-A4FEDA80A0BD}.Debug|Any CPU.Build.0 = Debug|Any CPU
		{526928D8-DBC8-4717-BCF0-A4FEDA80A0BD}.Release|Any CPU.ActiveCfg = Release|Any CPU
		{526928D8-DBC8-4717-BCF0-A4FEDA80A0BD}.Release|Any CPU.Build.0 = Release|Any CPU
		{526928D8-DBC8-4717-BCF0-A4FEDA80A0BD}.Stats|Any CPU.ActiveCfg = Stats|Any CPU
		{526928D8-DBC8-4717-BCF0-A4FEDA80A0BD}.Stats|Any CPU.Build.0 = Stats|Any CPU
		{D118A2E3-4B24-4C73-AF38-5C7A4CD90FF3}.Debug|Any CPU.ActiveCfg = Debug|Any CPU
		{D118A2E3-4B24-4C73-AF38-5C7A4CD90FF3}.Debug|Any CPU.Build.0 = Debug|Any CPU
		{D118A2E3-4B24-4C73-AF38-5C7A4CD90FF3}.Release|Any CPU.ActiveCfg = Release|Any CPU
		{D118A2E3-4B24-4C73-AF38-5C7A4CD90FF3}.Release|Any CPU.Build.0 = Release|Any CPU
		{D118A2E3-4B24-4C73-AF38-5C7A4CD90FF3}.Stats|Any CPU.ActiveCfg = Debug|Any CPU
		{D118A2E3-4B24-4C73-AF38-5C7A4CD90FF3}.Stats|Any CPU.Build.0 = Debug|Any CPU
		{6B302ADC-B745-4C9F-9191-9DAF942D1AD9}.Debug|Any CPU.ActiveCfg = Debug|Any CPU
		{6B302ADC-B745-4C9F-9191-9DAF942D1AD9}.Debug|Any CPU.Build.0 = Debug|Any CPU
		{6B302ADC-B745-4C9F-9191-9DAF942D1AD9}.Release|Any CPU.ActiveCfg = Release|Any CPU
		{6B302ADC-B745-4C9F-9191-9DAF942D1AD9}.Release|Any CPU.Build.0 = Release|Any CPU
		{6B302ADC-B745-4C9F-9191-9DAF942D1AD9}.Stats|Any CPU.ActiveCfg = Debug|Any CPU
		{6B302ADC-B745-4C9F-9191-9DAF942D1AD9}.Stats|Any CPU.Build.0 = Debug|Any CPU
		{19777ED5-79FD-4D05-B839-B178A875BF42}.Debug|Any CPU.ActiveCfg = Debug|Any CPU
		{19777ED5-79FD-4D05-B839-B178A875BF42}.Debug|Any CPU.Build.0 = Debug|Any CPU
		{19777ED5-79FD-4D05-B839-B178A875BF42}.Release|Any CPU.ActiveCfg = Release|Any CPU
		{19777ED5-79FD-4D05-B839-B178A875BF42}.Release|Any CPU.Build.0 = Release|Any CPU
		{19777ED5-79FD-4D05-B839-B178A875BF42}.Stats|Any CPU.ActiveCfg = Release|Any CPU
		{19777ED5-79FD-4D05-B839-B178A875BF42}.Stats|Any CPU.Build.0 = Release|Any CPU
		{DF2E183B-C51C-4969-94EC-841CCC461773}.Debug|Any CPU.ActiveCfg = Debug|Any CPU
		{DF2E183B-C51C-4969-94EC-841CCC461773}.Debug|Any CPU.Build.0 = Debug|Any CPU
		{DF2E183B-C51C-4969-94EC-841CCC461773}.Release|Any CPU.ActiveCfg = Release|Any CPU
		{DF2E183B-C51C-4969-94EC-841CCC461773}.Release|Any CPU.Build.0 = Release|Any CPU
		{DF2E183B-C51C-4969-94EC-841CCC461773}.Stats|Any CPU.ActiveCfg = Release|Any CPU
		{DF2E183B-C51C-4969-94EC-841CCC461773}.Stats|Any CPU.Build.0 = Release|Any CPU
		{7A647552-B5F0-419F-9395-4DC24990ED20}.Debug|Any CPU.ActiveCfg = Debug|Any CPU
		{7A647552-B5F0-419F-9395-4DC24990ED20}.Debug|Any CPU.Build.0 = Debug|Any CPU
		{7A647552-B5F0-419F-9395-4DC24990ED20}.Release|Any CPU.ActiveCfg = Release|Any CPU
		{7A647552-B5F0-419F-9395-4DC24990ED20}.Release|Any CPU.Build.0 = Release|Any CPU
		{7A647552-B5F0-419F-9395-4DC24990ED20}.Stats|Any CPU.ActiveCfg = Stats|Any CPU
		{7A647552-B5F0-419F-9395-4DC24990ED20}.Stats|Any CPU.Build.0 = Stats|Any CPU
	EndGlobalSection
	GlobalSection(SolutionProperties) = preSolution
		HideSolutionNode = FALSE
	EndGlobalSection
	GlobalSection(NestedProjects) = preSolution
		{858967C6-4265-4129-B942-060E3CC80D06} = {4B52F390-2A5B-4637-A8D3-CA6A2F8EA42B}
		{9615EE46-C8CB-452C-8043-7F5B249108B0} = {4B52F390-2A5B-4637-A8D3-CA6A2F8EA42B}
		{526928D8-DBC8-4717-BCF0-A4FEDA80A0BD} = {D15B2D71-89D3-4282-ABA5-8D64D6EA3FD4}
		{D118A2E3-4B24-4C73-AF38-5C7A4CD90FF3} = {4B52F390-2A5B-4637-A8D3-CA6A2F8EA42B}
		{6B302ADC-B745-4C9F-9191-9DAF942D1AD9} = {D15B2D71-89D3-4282-ABA5-8D64D6EA3FD4}
		{19777ED5-79FD-4D05-B839-B178A875BF42} = {4B52F390-2A5B-4637-A8D3-CA6A2F8EA42B}
		{DF2E183B-C51C-4969-94EC-841CCC461773} = {4B52F390-2A5B-4637-A8D3-CA6A2F8EA42B}
		{7A647552-B5F0-419F-9395-4DC24990ED20} = {4B52F390-2A5B-4637-A8D3-CA6A2F8EA42B}
	EndGlobalSection
EndGlobal
